// !$*UTF8*$!
{
	archiveVersion = 1;
	classes = {
	};
	objectVersion = 77;
	objects = {

/* Begin PBXFileReference section */
		83A44D2C2E83468900126B17 /* Culsi.app */ = {isa = PBXFileReference; explicitFileType = wrapper.application; includeInIndex = 0; path = Culsi.app; sourceTree = BUILT_PRODUCTS_DIR; };

                83B1A0172E8349AB00126B17 /* CulsiTests.xctest */ = {isa = PBXFileReference; explicitFileType = wrapper.cfbundle; includeInIndex = 0; path = CulsiTests.xctest; sourceTree = BUILT_PRODUCTS_DIR; };
/* End PBXFileReference section */

/* Begin PBXFileSystemSynchronizedRootGroup section */
                CD18FC9FB6494384932AF3BD /* App */ = {
                        isa = PBXFileSystemSynchronizedRootGroup;
                        path = App;
                        sourceTree = "<group>";
                };

                A6FE8102C0FA7A26774E22AF /* Assets.xcassets */ = {
                        isa = PBXFileSystemSynchronizedRootGroup;
                        path = Assets.xcassets;
                        sourceTree = "<group>";
                };

                3993A69E2CA7956518F22441 /* Culsi.xcdatamodeld */ = {
                        isa = PBXFileSystemSynchronizedRootGroup;
                        path = Culsi.xcdatamodeld;
                        sourceTree = "<group>";
                };

                2C876D8EFB2A3FA670837B5A /* Export */ = {
                        isa = PBXFileSystemSynchronizedRootGroup;
                        path = Export;
                        sourceTree = "<group>";
                };

                D1347120363C2B310653F610 /* Models */ = {
                        isa = PBXFileSystemSynchronizedRootGroup;
                        path = Models;
                        sourceTree = "<group>";
                };

                D382729BD51E13C68BF56155 /* Persistence */ = {
                        isa = PBXFileSystemSynchronizedRootGroup;
                        path = Persistence;
                        sourceTree = "<group>";
                };

                A83E50FD9BC840E2A1847FB9 /* Printing */ = {
                        isa = PBXFileSystemSynchronizedRootGroup;
                        path = Printing;
                        sourceTree = "<group>";
                };

                B49CD206A577ECD1CD15E285 /* Repositories */ = {
                        isa = PBXFileSystemSynchronizedRootGroup;
                        path = Repositories;
                        sourceTree = "<group>";
                };

                EF01FA9E1D6240CDA0600363 /* Resources */ = {
                        isa = PBXFileSystemSynchronizedRootGroup;
                        path = Resources;
                        sourceTree = "<group>";
                };

                69853FC208E384B34801168A /* Utilities */ = {
                        isa = PBXFileSystemSynchronizedRootGroup;
                        path = Utilities;
                        sourceTree = "<group>";
                };

                B1FEDB56C90448AAB2A11854 /* ViewModels */ = {
                        isa = PBXFileSystemSynchronizedRootGroup;
                        path = ViewModels;
                        sourceTree = "<group>";
                };

                9BC493F719529CA9D33FFAA3 /* Views */ = {
                        isa = PBXFileSystemSynchronizedRootGroup;
                        path = Views;
                        sourceTree = "<group>";
                };

                83B1A0182E8349AB00126B17 /* Tests */ = {
                        isa = PBXFileSystemSynchronizedRootGroup;
                        path = Tests;
                        sourceTree = "<group>";
                };
/* End PBXFileSystemSynchronizedRootGroup section */

/* Begin PBXContainerItemProxy section */
                83B1A0192E8349AB00126B17 /* PBXContainerItemProxy */ = {
                        isa = PBXContainerItemProxy;
                        containerPortal = 83A44D242E83468900126B17 /* Project object */;
                        proxyType = 1;
                        remoteGlobalIDString = 83A44D2B2E83468900126B17;
                        remoteInfo = Culsi;
                };
/* End PBXContainerItemProxy section */

/* Begin PBXFrameworksBuildPhase section */
		83A44D292E83468900126B17 /* Frameworks */ = {
			isa = PBXFrameworksBuildPhase;
			buildActionMask = 2147483647;
			files = (
			);
			runOnlyForDeploymentPostprocessing = 0;
		};

                83B1A0122E8349AB00126B17 /* Frameworks */ = {
                        isa = PBXFrameworksBuildPhase;
                        buildActionMask = 2147483647;
                        files = (
                        );
                        runOnlyForDeploymentPostprocessing = 0;
                };
/* End PBXFrameworksBuildPhase section */

/* Begin PBXGroup section */
                83A44D232E83468900126B17 = {
                        isa = PBXGroup;
                        children = (
                                83A44D2E2E83468900126B17 /* Culsi */,
                                83A44D2D2E83468900126B17 /* Products */,
                        );
                        sourceTree = "<group>";
                };
                83A44D2E2E83468900126B17 /* Culsi */ = {
                        isa = PBXGroup;
                        children = (
                                CD18FC9FB6494384932AF3BD /* App */,
                                A6FE8102C0FA7A26774E22AF /* Assets.xcassets */,
                                3993A69E2CA7956518F22441 /* Culsi.xcdatamodeld */,
                                2C876D8EFB2A3FA670837B5A /* Export */,
                                D1347120363C2B310653F610 /* Models */,
                                D382729BD51E13C68BF56155 /* Persistence */,
                                A83E50FD9BC840E2A1847FB9 /* Printing */,
                                B49CD206A577ECD1CD15E285 /* Repositories */,
                                EF01FA9E1D6240CDA0600363 /* Resources */,
                                69853FC208E384B34801168A /* Utilities */,
                                B1FEDB56C90448AAB2A11854 /* ViewModels */,
                                9BC493F719529CA9D33FFAA3 /* Views */,
                                83B1A0182E8349AB00126B17 /* Tests */,
                        );
                        path = Culsi;
                        sourceTree = "<group>";
                };
                83A44D2D2E83468900126B17 /* Products */ = {
                        isa = PBXGroup;
                        children = (
                                83A44D2C2E83468900126B17 /* Culsi.app */,
                                83B1A0172E8349AB00126B17 /* CulsiTests.xctest */,
			);
			name = Products;
			sourceTree = "<group>";
		};
/* End PBXGroup section */

/* Begin PBXNativeTarget section */
		83A44D2B2E83468900126B17 /* Culsi */ = {
			isa = PBXNativeTarget;
			buildConfigurationList = 83A44D3C2E83468C00126B17 /* Build configuration list for PBXNativeTarget "Culsi" */;
			buildPhases = (
				83A44D282E83468900126B17 /* Sources */,
				83A44D292E83468900126B17 /* Frameworks */,
				83A44D2A2E83468900126B17 /* Resources */,
			);
			buildRules = (
			);
			dependencies = (
			);
                        fileSystemSynchronizedGroups = (
                                CD18FC9FB6494384932AF3BD /* App */,
                                A6FE8102C0FA7A26774E22AF /* Assets.xcassets */,
                                3993A69E2CA7956518F22441 /* Culsi.xcdatamodeld */,
                                2C876D8EFB2A3FA670837B5A /* Export */,
                                D1347120363C2B310653F610 /* Models */,
                                D382729BD51E13C68BF56155 /* Persistence */,
                                A83E50FD9BC840E2A1847FB9 /* Printing */,
                                B49CD206A577ECD1CD15E285 /* Repositories */,
                                EF01FA9E1D6240CDA0600363 /* Resources */,
                                69853FC208E384B34801168A /* Utilities */,
                                B1FEDB56C90448AAB2A11854 /* ViewModels */,
                                9BC493F719529CA9D33FFAA3 /* Views */,
                        );
			name = Culsi;
			packageProductDependencies = (
			);
			productName = Culsi;
			productReference = 83A44D2C2E83468900126B17 /* Culsi.app */;
			productType = "com.apple.product-type.application";
		};

                83B1A0102E8349AB00126B17 /* CulsiTests */ = {
                        isa = PBXNativeTarget;
                        buildConfigurationList = 83B1A0142E8349AB00126B17 /* Build configuration list for PBXNativeTarget "CulsiTests" */;
                        buildPhases = (
                                83B1A0112E8349AB00126B17 /* Sources */,
                                83B1A0122E8349AB00126B17 /* Frameworks */,
                                83B1A0132E8349AB00126B17 /* Resources */,
                        );
                        buildRules = (
                        );
                        dependencies = (
                                83B1A01A2E8349AB00126B17 /* PBXTargetDependency */,
                        );
                        fileSystemSynchronizedGroups = (
                                83B1A0182E8349AB00126B17 /* Tests */,
                        );
                        name = CulsiTests;
                        packageProductDependencies = (
                        );
                        productName = CulsiTests;
                        productReference = 83B1A0172E8349AB00126B17 /* CulsiTests.xctest */;
                        productType = "com.apple.product-type.bundle.unit-test";
                };
/* End PBXNativeTarget section */

/* Begin PBXTargetDependency section */
                83B1A01A2E8349AB00126B17 /* PBXTargetDependency */ = {
                        isa = PBXTargetDependency;
                        target = 83A44D2B2E83468900126B17 /* Culsi */;
                        targetProxy = 83B1A0192E8349AB00126B17 /* PBXContainerItemProxy */;
                };
/* End PBXTargetDependency section */

/* Begin PBXProject section */
		83A44D242E83468900126B17 /* Project object */ = {
			isa = PBXProject;
			attributes = {
				BuildIndependentTargetsInParallel = 1;
				LastSwiftUpdateCheck = 2600;
				LastUpgradeCheck = 2600;
				TargetAttributes = {
					83A44D2B2E83468900126B17 = {
						CreatedOnToolsVersion = 26.0.1;
					};
				83B1A0102E8349AB00126B17 = {
						CreatedOnToolsVersion = 26.0.1;
						TestTargetID = 83A44D2B2E83468900126B17;
					};
				};
			};
			buildConfigurationList = 83A44D272E83468900126B17 /* Build configuration list for PBXProject "Culsi" */;
			developmentRegion = en;
			hasScannedForEncodings = 0;
			knownRegions = (
				en,
				Base,
			);
			mainGroup = 83A44D232E83468900126B17;
			minimizedProjectReferenceProxies = 1;
			preferredProjectObjectVersion = 77;
			productRefGroup = 83A44D2D2E83468900126B17 /* Products */;
			projectDirPath = "";
			projectRoot = "";
			targets = (
				83A44D2B2E83468900126B17 /* Culsi */,
				83B1A0102E8349AB00126B17 /* CulsiTests */,
			);
		};
/* End PBXProject section */

/* Begin PBXResourcesBuildPhase section */
		83A44D2A2E83468900126B17 /* Resources */ = {
			isa = PBXResourcesBuildPhase;
			buildActionMask = 2147483647;
			files = (
			);
			runOnlyForDeploymentPostprocessing = 0;
		};

                83B1A0132E8349AB00126B17 /* Resources */ = {
                        isa = PBXResourcesBuildPhase;
                        buildActionMask = 2147483647;
                        files = (
                        );
                        runOnlyForDeploymentPostprocessing = 0;
                };
/* End PBXResourcesBuildPhase section */

/* Begin PBXSourcesBuildPhase section */
		83A44D282E83468900126B17 /* Sources */ = {
			isa = PBXSourcesBuildPhase;
			buildActionMask = 2147483647;
			files = (
			);
			runOnlyForDeploymentPostprocessing = 0;
		};

                83B1A0112E8349AB00126B17 /* Sources */ = {
                        isa = PBXSourcesBuildPhase;
                        buildActionMask = 2147483647;
                        files = (
                        );
                        runOnlyForDeploymentPostprocessing = 0;
                };
/* End PBXSourcesBuildPhase section */

/* Begin XCBuildConfiguration section */
		83A44D3A2E83468C00126B17 /* Debug */ = {
			isa = XCBuildConfiguration;
			buildSettings = {
				ALWAYS_SEARCH_USER_PATHS = NO;
				ASSETCATALOG_COMPILER_GENERATE_SWIFT_ASSET_SYMBOL_EXTENSIONS = YES;
				CLANG_ANALYZER_NONNULL = YES;
				CLANG_ANALYZER_NUMBER_OBJECT_CONVERSION = YES_AGGRESSIVE;
				CLANG_CXX_LANGUAGE_STANDARD = "gnu++20";
				CLANG_ENABLE_MODULES = YES;
				CLANG_ENABLE_OBJC_ARC = YES;
				CLANG_ENABLE_OBJC_WEAK = YES;
				CLANG_WARN_BLOCK_CAPTURE_AUTORELEASING = YES;
				CLANG_WARN_BOOL_CONVERSION = YES;
				CLANG_WARN_COMMA = YES;
				CLANG_WARN_CONSTANT_CONVERSION = YES;
				CLANG_WARN_DEPRECATED_OBJC_IMPLEMENTATIONS = YES;
				CLANG_WARN_DIRECT_OBJC_ISA_USAGE = YES_ERROR;
				CLANG_WARN_DOCUMENTATION_COMMENTS = YES;
				CLANG_WARN_EMPTY_BODY = YES;
				CLANG_WARN_ENUM_CONVERSION = YES;
				CLANG_WARN_INFINITE_RECURSION = YES;
				CLANG_WARN_INT_CONVERSION = YES;
				CLANG_WARN_NON_LITERAL_NULL_CONVERSION = YES;
				CLANG_WARN_OBJC_IMPLICIT_RETAIN_SELF = YES;
				CLANG_WARN_OBJC_LITERAL_CONVERSION = YES;
				CLANG_WARN_OBJC_ROOT_CLASS = YES_ERROR;
				CLANG_WARN_QUOTED_INCLUDE_IN_FRAMEWORK_HEADER = YES;
				CLANG_WARN_RANGE_LOOP_ANALYSIS = YES;
				CLANG_WARN_STRICT_PROTOTYPES = YES;
				CLANG_WARN_SUSPICIOUS_MOVE = YES;
				CLANG_WARN_UNGUARDED_AVAILABILITY = YES_AGGRESSIVE;
				CLANG_WARN_UNREACHABLE_CODE = YES;
				CLANG_WARN__DUPLICATE_METHOD_MATCH = YES;
				COPY_PHASE_STRIP = NO;
				DEBUG_INFORMATION_FORMAT = dwarf;
				ENABLE_STRICT_OBJC_MSGSEND = YES;
				ENABLE_TESTABILITY = YES;
				ENABLE_USER_SCRIPT_SANDBOXING = YES;
				GCC_C_LANGUAGE_STANDARD = gnu17;
				GCC_DYNAMIC_NO_PIC = NO;
				GCC_NO_COMMON_BLOCKS = YES;
				GCC_OPTIMIZATION_LEVEL = 0;
				GCC_PREPROCESSOR_DEFINITIONS = (
					"DEBUG=1",
					"$(inherited)",
				);
				GCC_WARN_64_TO_32_BIT_CONVERSION = YES;
				GCC_WARN_ABOUT_RETURN_TYPE = YES_ERROR;
				GCC_WARN_UNDECLARED_SELECTOR = YES;
				GCC_WARN_UNINITIALIZED_AUTOS = YES_AGGRESSIVE;
				GCC_WARN_UNUSED_FUNCTION = YES;
				GCC_WARN_UNUSED_VARIABLE = YES;
                                IPHONEOS_DEPLOYMENT_TARGET = 17.0;
				LOCALIZATION_PREFERS_STRING_CATALOGS = YES;
				MTL_ENABLE_DEBUG_INFO = INCLUDE_SOURCE;
				MTL_FAST_MATH = YES;
				ONLY_ACTIVE_ARCH = YES;
				SDKROOT = iphoneos;
				SWIFT_ACTIVE_COMPILATION_CONDITIONS = "DEBUG $(inherited)";
				SWIFT_OPTIMIZATION_LEVEL = "-Onone";
			};
			name = Debug;
		};
		83A44D3B2E83468C00126B17 /* Release */ = {
			isa = XCBuildConfiguration;
			buildSettings = {
				ALWAYS_SEARCH_USER_PATHS = NO;
				ASSETCATALOG_COMPILER_GENERATE_SWIFT_ASSET_SYMBOL_EXTENSIONS = YES;
				CLANG_ANALYZER_NONNULL = YES;
				CLANG_ANALYZER_NUMBER_OBJECT_CONVERSION = YES_AGGRESSIVE;
				CLANG_CXX_LANGUAGE_STANDARD = "gnu++20";
				CLANG_ENABLE_MODULES = YES;
				CLANG_ENABLE_OBJC_ARC = YES;
				CLANG_ENABLE_OBJC_WEAK = YES;
				CLANG_WARN_BLOCK_CAPTURE_AUTORELEASING = YES;
				CLANG_WARN_BOOL_CONVERSION = YES;
				CLANG_WARN_COMMA = YES;
				CLANG_WARN_CONSTANT_CONVERSION = YES;
				CLANG_WARN_DEPRECATED_OBJC_IMPLEMENTATIONS = YES;
				CLANG_WARN_DIRECT_OBJC_ISA_USAGE = YES_ERROR;
				CLANG_WARN_DOCUMENTATION_COMMENTS = YES;
				CLANG_WARN_EMPTY_BODY = YES;
				CLANG_WARN_ENUM_CONVERSION = YES;
				CLANG_WARN_INFINITE_RECURSION = YES;
				CLANG_WARN_INT_CONVERSION = YES;
				CLANG_WARN_NON_LITERAL_NULL_CONVERSION = YES;
				CLANG_WARN_OBJC_IMPLICIT_RETAIN_SELF = YES;
				CLANG_WARN_OBJC_LITERAL_CONVERSION = YES;
				CLANG_WARN_OBJC_ROOT_CLASS = YES_ERROR;
				CLANG_WARN_QUOTED_INCLUDE_IN_FRAMEWORK_HEADER = YES;
				CLANG_WARN_RANGE_LOOP_ANALYSIS = YES;
				CLANG_WARN_STRICT_PROTOTYPES = YES;
				CLANG_WARN_SUSPICIOUS_MOVE = YES;
				CLANG_WARN_UNGUARDED_AVAILABILITY = YES_AGGRESSIVE;
				CLANG_WARN_UNREACHABLE_CODE = YES;
				CLANG_WARN__DUPLICATE_METHOD_MATCH = YES;
				COPY_PHASE_STRIP = NO;
				DEBUG_INFORMATION_FORMAT = "dwarf-with-dsym";
				ENABLE_NS_ASSERTIONS = NO;
				ENABLE_STRICT_OBJC_MSGSEND = YES;
				ENABLE_USER_SCRIPT_SANDBOXING = YES;
				GCC_C_LANGUAGE_STANDARD = gnu17;
				GCC_NO_COMMON_BLOCKS = YES;
				GCC_WARN_64_TO_32_BIT_CONVERSION = YES;
				GCC_WARN_ABOUT_RETURN_TYPE = YES_ERROR;
				GCC_WARN_UNDECLARED_SELECTOR = YES;
				GCC_WARN_UNINITIALIZED_AUTOS = YES_AGGRESSIVE;
				GCC_WARN_UNUSED_FUNCTION = YES;
				GCC_WARN_UNUSED_VARIABLE = YES;
                                IPHONEOS_DEPLOYMENT_TARGET = 17.0;
				LOCALIZATION_PREFERS_STRING_CATALOGS = YES;
				MTL_ENABLE_DEBUG_INFO = NO;
				MTL_FAST_MATH = YES;
				SDKROOT = iphoneos;
				SWIFT_COMPILATION_MODE = wholemodule;
				VALIDATE_PRODUCT = YES;
			};
			name = Release;
		};
		83A44D3D2E83468C00126B17 /* Debug */ = {
			isa = XCBuildConfiguration;
			buildSettings = {
				ASSETCATALOG_COMPILER_APPICON_NAME = AppIcon;
				ASSETCATALOG_COMPILER_GLOBAL_ACCENT_COLOR_NAME = AccentColor;
				CODE_SIGN_STYLE = Automatic;
				CURRENT_PROJECT_VERSION = 1;
				ENABLE_PREVIEWS = YES;
				GENERATE_INFOPLIST_FILE = YES;
				INFOPLIST_KEY_UIApplicationSceneManifest_Generation = YES;
				INFOPLIST_KEY_UIApplicationSupportsIndirectInputEvents = YES;
				INFOPLIST_KEY_UILaunchScreen_Generation = YES;
				INFOPLIST_KEY_UISupportedInterfaceOrientations_iPad = "UIInterfaceOrientationPortrait UIInterfaceOrientationPortraitUpsideDown UIInterfaceOrientationLandscapeLeft UIInterfaceOrientationLandscapeRight";
				INFOPLIST_KEY_UISupportedInterfaceOrientations_iPhone = "UIInterfaceOrientationPortrait UIInterfaceOrientationLandscapeLeft UIInterfaceOrientationLandscapeRight";
                                LD_RUNPATH_SEARCH_PATHS = (
                                        "$(inherited)",
                                        "@executable_path/Frameworks",
                                );
                                MARKETING_VERSION = 1.0;
                                PRODUCT_BUNDLE_IDENTIFIER = www.feedourhouse.com.Culsi;
                                PRODUCT_NAME = "$(TARGET_NAME)";
                                STRING_CATALOG_GENERATE_SYMBOLS = YES;
                                SWIFT_APPROACHABLE_CONCURRENCY = YES;
                                SWIFT_DEFAULT_ACTOR_ISOLATION = MainActor;
                                SWIFT_EMIT_LOC_STRINGS = YES;
                                SWIFT_UPCOMING_FEATURE_MEMBER_IMPORT_VISIBILITY = YES;
                                SWIFT_VERSION = 5.0;
                                TARGETED_DEVICE_FAMILY = "1,2";
                                IPHONEOS_DEPLOYMENT_TARGET = 17.0;
                        };
			name = Debug;
		};
		83A44D3E2E83468C00126B17 /* Release */ = {
			isa = XCBuildConfiguration;
			buildSettings = {
				ASSETCATALOG_COMPILER_APPICON_NAME = AppIcon;
				ASSETCATALOG_COMPILER_GLOBAL_ACCENT_COLOR_NAME = AccentColor;
				CODE_SIGN_STYLE = Automatic;
				CURRENT_PROJECT_VERSION = 1;
				ENABLE_PREVIEWS = YES;
				GENERATE_INFOPLIST_FILE = YES;
				INFOPLIST_KEY_UIApplicationSceneManifest_Generation = YES;
				INFOPLIST_KEY_UIApplicationSupportsIndirectInputEvents = YES;
				INFOPLIST_KEY_UILaunchScreen_Generation = YES;
				INFOPLIST_KEY_UISupportedInterfaceOrientations_iPad = "UIInterfaceOrientationPortrait UIInterfaceOrientationPortraitUpsideDown UIInterfaceOrientationLandscapeLeft UIInterfaceOrientationLandscapeRight";
				INFOPLIST_KEY_UISupportedInterfaceOrientations_iPhone = "UIInterfaceOrientationPortrait UIInterfaceOrientationLandscapeLeft UIInterfaceOrientationLandscapeRight";
                                LD_RUNPATH_SEARCH_PATHS = (
                                        "$(inherited)",
                                        "@executable_path/Frameworks",
                                );
                                MARKETING_VERSION = 1.0;
                                PRODUCT_BUNDLE_IDENTIFIER = www.feedourhouse.com.Culsi;
                                PRODUCT_NAME = "$(TARGET_NAME)";
                                STRING_CATALOG_GENERATE_SYMBOLS = YES;
                                SWIFT_APPROACHABLE_CONCURRENCY = YES;
                                SWIFT_DEFAULT_ACTOR_ISOLATION = MainActor;
                                SWIFT_EMIT_LOC_STRINGS = YES;
                                SWIFT_UPCOMING_FEATURE_MEMBER_IMPORT_VISIBILITY = YES;
                                SWIFT_VERSION = 5.0;
                                TARGETED_DEVICE_FAMILY = "1,2";
                                IPHONEOS_DEPLOYMENT_TARGET = 17.0;
                        };
			name = Release;
		};

               83B1A0152E8349AB00126B17 /* Debug */ = {
                       isa = XCBuildConfiguration;
                       buildSettings = {
                                BUNDLE_LOADER = "$(TEST_HOST)";
                                CODE_SIGN_STYLE = Automatic;
                                CURRENT_PROJECT_VERSION = 1;
                                GENERATE_INFOPLIST_FILE = YES;
                                IPHONEOS_DEPLOYMENT_TARGET = 17.0;
                                LD_RUNPATH_SEARCH_PATHS = (
                                        "$(inherited)",
                                        "@executable_path/Frameworks",
                                        "@loader_path/Frameworks",
                                );
                                MARKETING_VERSION = 1.0;
                                PRODUCT_BUNDLE_IDENTIFIER = www.feedourhouse.com.CulsiTests;
                                PRODUCT_NAME = "$(TARGET_NAME)";
                                SWIFT_ACTIVE_COMPILATION_CONDITIONS = "DEBUG $(inherited)";
                                SWIFT_VERSION = 5.0;
                                TARGETED_DEVICE_FAMILY = "1,2";
                                TEST_HOST = "$(BUILT_PRODUCTS_DIR)/Culsi.app/Culsi";
                        };
                        name = Debug;
                };

               83B1A0162E8349AB00126B17 /* Release */ = {
                       isa = XCBuildConfiguration;
                       buildSettings = {
                                BUNDLE_LOADER = "$(TEST_HOST)";
                                CODE_SIGN_STYLE = Automatic;
                                CURRENT_PROJECT_VERSION = 1;
                                GENERATE_INFOPLIST_FILE = YES;
                                IPHONEOS_DEPLOYMENT_TARGET = 17.0;
                                LD_RUNPATH_SEARCH_PATHS = (
                                        "$(inherited)",
                                        "@executable_path/Frameworks",
                                        "@loader_path/Frameworks",
                                );
                                MARKETING_VERSION = 1.0;
                                PRODUCT_BUNDLE_IDENTIFIER = www.feedourhouse.com.CulsiTests;
                                PRODUCT_NAME = "$(TARGET_NAME)";
                                SWIFT_VERSION = 5.0;
                                TARGETED_DEVICE_FAMILY = "1,2";
                                TEST_HOST = "$(BUILT_PRODUCTS_DIR)/Culsi.app/Culsi";
                        };
                        name = Release;
                };
/* End XCBuildConfiguration section */

/* Begin XCConfigurationList section */
		83A44D272E83468900126B17 /* Build configuration list for PBXProject "Culsi" */ = {
			isa = XCConfigurationList;
			buildConfigurations = (
				83A44D3A2E83468C00126B17 /* Debug */,
				83A44D3B2E83468C00126B17 /* Release */,
			);
			defaultConfigurationIsVisible = 0;
			defaultConfigurationName = Release;
		};
		83A44D3C2E83468C00126B17 /* Build configuration list for PBXNativeTarget "Culsi" */ = {
			isa = XCConfigurationList;
			buildConfigurations = (
				83A44D3D2E83468C00126B17 /* Debug */,
				83A44D3E2E83468C00126B17 /* Release */,
			);
			defaultConfigurationIsVisible = 0;
			defaultConfigurationName = Release;
		};

                83B1A0142E8349AB00126B17 /* Build configuration list for PBXNativeTarget "CulsiTests" */ = {
                        isa = XCConfigurationList;
                        buildConfigurations = (
                                83B1A0152E8349AB00126B17 /* Debug */,
                                83B1A0162E8349AB00126B17 /* Release */,
                        );
                        defaultConfigurationIsVisible = 0;
                        defaultConfigurationName = Release;
                };
/* End XCConfigurationList section */
	};
	rootObject = 83A44D242E83468900126B17 /* Project object */;
}
